
Microsoft Visual Studio Solution File, Format Version 12.00
# Visual Studio Version 17
VisualStudioVersion = 17.8.34330.188
MinimumVisualStudioVersion = 10.0.40219.1
Project("{FAE04EC0-301F-11D3-BF4B-00C04F79EFBC}") = "MusicPlayer", "MusicPlayer.csproj", "{747AC9F6-ADE8-4A59-98F0-BC82793384DA}"
EndProject
Global
	GlobalSection(SolutionConfigurationPlatforms) = preSolution
		Debug|Any CPU = Debug|Any CPU
		Release|Any CPU = Release|Any CPU
	EndGlobalSection
	GlobalSection(ProjectConfigurationPlatforms) = postSolution
		{747AC9F6-ADE8-4A59-98F0-BC82793384DA}.Debug|Any CPU.ActiveCfg = Debug|Any CPU
		{747AC9F6-ADE8-4A59-98F0-BC82793384DA}.Debug|Any CPU.Build.0 = Debug|Any CPU
		{747AC9F6-ADE8-4A59-98F0-BC82793384DA}.Release|Any CPU.ActiveCfg = Release|Any CPU
		{747AC9F6-ADE8-4A59-98F0-BC82793384DA}.Release|Any CPU.Build.0 = Release|Any CPU
	EndGlobalSection
	GlobalSection(SolutionProperties) = preSolution
		HideSolutionNode = FALSE
	EndGlobalSection
	GlobalSection(ExtensibilityGlobals) = postSolution
		SolutionGuid = {2646541E-F5D4-43F5-92B8-FE5EDE28E4E0}
	EndGlobalSection
EndGlobal
